
Microsoft Visual Studio Solution File, Format Version 12.00
# Visual Studio Version 16
VisualStudioVersion = 16.0.30503.244
MinimumVisualStudioVersion = 10.0.40219.1
Project("{9A19103F-16F7-4668-BE54-9A1E7A4F7556}") = "NearLondonLocationAPI", "NearLondonLocationAPI\NearLondonLocationAPI.csproj", "{5E61E9FE-9208-4620-BB07-616203DB72A5}"
EndProject
Project("{9A19103F-16F7-4668-BE54-9A1E7A4F7556}") = "HeroKUApp.Data", "HeroKUApp.Data\HeroKUApp.Data.csproj", "{A3038CBE-A677-4BA4-9CBC-A8ACDF8997B7}"
EndProject
Project("{9A19103F-16F7-4668-BE54-9A1E7A4F7556}") = "Location.Domain", "Location.Domain\Location.Domain.csproj", "{C30BB7BC-EF7B-43CA-903E-1C6113ECC835}"
EndProject
Project("{9A19103F-16F7-4668-BE54-9A1E7A4F7556}") = "NearLondonLocationAPI.IntegrationTests", "NearLondonLocationAPI.IntegrationTests\NearLondonLocationAPI.IntegrationTests.csproj", "{BDF6DB55-55DE-4ECD-996E-1B281535A436}"
EndProject
Project("{9A19103F-16F7-4668-BE54-9A1E7A4F7556}") = "Location.Domain.UnitTests", "Location.Domain.UnitTests\Location.Domain.UnitTests.csproj", "{4B5FC1B0-80FC-4A14-861B-4C738447139C}"
EndProject
Project("{9A19103F-16F7-4668-BE54-9A1E7A4F7556}") = "HeroKUApp.Data.IntegrationTests", "HeroKUApp.Data.IntegrationTests\HeroKUApp.Data.IntegrationTests.csproj", "{8B1A45E7-CD50-4E2C-BB26-8F5E3BCBC35F}"
EndProject
Project("{9A19103F-16F7-4668-BE54-9A1E7A4F7556}") = "HeroKUApp.Data.UnitTests", "HeroKUApp.Data.UnitTests\HeroKUApp.Data.UnitTests.csproj", "{29CA277B-21F3-4732-887F-CD7918621A3C}"
EndProject
Project("{FAE04EC0-301F-11D3-BF4B-00C04F79EFBC}") = "NearLondonLocationAPI.UnitTests", "NearLondonLocationAPI.UnitTests\NearLondonLocationAPI.UnitTests.csproj", "{6C5B958B-82BE-470C-B34A-9F659C415BAC}"
EndProject
Global
	GlobalSection(SolutionConfigurationPlatforms) = preSolution
		Debug|Any CPU = Debug|Any CPU
		Release|Any CPU = Release|Any CPU
	EndGlobalSection
	GlobalSection(ProjectConfigurationPlatforms) = postSolution
		{5E61E9FE-9208-4620-BB07-616203DB72A5}.Debug|Any CPU.ActiveCfg = Debug|Any CPU
		{5E61E9FE-9208-4620-BB07-616203DB72A5}.Debug|Any CPU.Build.0 = Debug|Any CPU
		{5E61E9FE-9208-4620-BB07-616203DB72A5}.Release|Any CPU.ActiveCfg = Release|Any CPU
		{5E61E9FE-9208-4620-BB07-616203DB72A5}.Release|Any CPU.Build.0 = Release|Any CPU
		{A3038CBE-A677-4BA4-9CBC-A8ACDF8997B7}.Debug|Any CPU.ActiveCfg = Debug|Any CPU
		{A3038CBE-A677-4BA4-9CBC-A8ACDF8997B7}.Debug|Any CPU.Build.0 = Debug|Any CPU
		{A3038CBE-A677-4BA4-9CBC-A8ACDF8997B7}.Release|Any CPU.ActiveCfg = Release|Any CPU
		{A3038CBE-A677-4BA4-9CBC-A8ACDF8997B7}.Release|Any CPU.Build.0 = Release|Any CPU
		{C30BB7BC-EF7B-43CA-903E-1C6113ECC835}.Debug|Any CPU.ActiveCfg = Debug|Any CPU
		{C30BB7BC-EF7B-43CA-903E-1C6113ECC835}.Debug|Any CPU.Build.0 = Debug|Any CPU
		{C30BB7BC-EF7B-43CA-903E-1C6113ECC835}.Release|Any CPU.ActiveCfg = Release|Any CPU
		{C30BB7BC-EF7B-43CA-903E-1C6113ECC835}.Release|Any CPU.Build.0 = Release|Any CPU
		{BDF6DB55-55DE-4ECD-996E-1B281535A436}.Debug|Any CPU.ActiveCfg = Debug|Any CPU
		{BDF6DB55-55DE-4ECD-996E-1B281535A436}.Debug|Any CPU.Build.0 = Debug|Any CPU
		{BDF6DB55-55DE-4ECD-996E-1B281535A436}.Release|Any CPU.ActiveCfg = Release|Any CPU
		{BDF6DB55-55DE-4ECD-996E-1B281535A436}.Release|Any CPU.Build.0 = Release|Any CPU
		{4B5FC1B0-80FC-4A14-861B-4C738447139C}.Debug|Any CPU.ActiveCfg = Debug|Any CPU
		{4B5FC1B0-80FC-4A14-861B-4C738447139C}.Debug|Any CPU.Build.0 = Debug|Any CPU
		{4B5FC1B0-80FC-4A14-861B-4C738447139C}.Release|Any CPU.ActiveCfg = Release|Any CPU
		{4B5FC1B0-80FC-4A14-861B-4C738447139C}.Release|Any CPU.Build.0 = Release|Any CPU
		{8B1A45E7-CD50-4E2C-BB26-8F5E3BCBC35F}.Debug|Any CPU.ActiveCfg = Debug|Any CPU
		{8B1A45E7-CD50-4E2C-BB26-8F5E3BCBC35F}.Debug|Any CPU.Build.0 = Debug|Any CPU
		{8B1A45E7-CD50-4E2C-BB26-8F5E3BCBC35F}.Release|Any CPU.ActiveCfg = Release|Any CPU
		{8B1A45E7-CD50-4E2C-BB26-8F5E3BCBC35F}.Release|Any CPU.Build.0 = Release|Any CPU
		{29CA277B-21F3-4732-887F-CD7918621A3C}.Debug|Any CPU.ActiveCfg = Debug|Any CPU
		{29CA277B-21F3-4732-887F-CD7918621A3C}.Debug|Any CPU.Build.0 = Debug|Any CPU
		{29CA277B-21F3-4732-887F-CD7918621A3C}.Release|Any CPU.ActiveCfg = Release|Any CPU
		{29CA277B-21F3-4732-887F-CD7918621A3C}.Release|Any CPU.Build.0 = Release|Any CPU
		{6C5B958B-82BE-470C-B34A-9F659C415BAC}.Debug|Any CPU.ActiveCfg = Debug|Any CPU
		{6C5B958B-82BE-470C-B34A-9F659C415BAC}.Debug|Any CPU.Build.0 = Debug|Any CPU
		{6C5B958B-82BE-470C-B34A-9F659C415BAC}.Release|Any CPU.ActiveCfg = Release|Any CPU
		{6C5B958B-82BE-470C-B34A-9F659C415BAC}.Release|Any CPU.Build.0 = Release|Any CPU
	EndGlobalSection
	GlobalSection(SolutionProperties) = preSolution
		HideSolutionNode = FALSE
	EndGlobalSection
	GlobalSection(ExtensibilityGlobals) = postSolution
		SolutionGuid = {DC24154F-BF55-47D4-9F3C-5759A3467E9A}
	EndGlobalSection
EndGlobal
